# THIS IS AN AUTOGENERATED FILE. DO NOT EDIT THIS FILE DIRECTLY.
# yarn lockfile v1


"@types/google-apps-script@^1.0.30":
  version "1.0.30"
  resolved "https://registry.yarnpkg.com/@types/google-apps-script/-/google-apps-script-1.0.30.tgz#0e8e6260911609899c06ad088eec9b22e8d737ae"
  integrity sha512-AgGzILT26gz57R1CFEXTzGTZ202vaq5namJS9ZA8Hft4thh04Tt1QMEe2yMpF7J+b/5Ugvgi8X2+gdK6VwjEMg==

prettier@^2.2.1:
  version "2.2.1"
  resolved "https://registry.yarnpkg.com/prettier/-/prettier-2.2.1.tgz#795a1a78dd52f073da0cd42b21f9c91381923ff5"
  integrity sha512-PqyhM2yCjg/oKkFPtTGUojv7gnZAoG80ttl45O6x2Ug/rMJw4wcc9k6aaf2hibP7BGVCCM33gZoGjyvt9mm16Q==
