# THIS IS AN AUTOGENERATED FILE. DO NOT EDIT THIS FILE DIRECTLY.
# yarn lockfile v1


"@types/google-apps-script@^1.0.15":
  version "1.0.15"
  resolved "https://registry.yarnpkg.com/@types/google-apps-script/-/google-apps-script-1.0.15.tgz#82b1af071b5c8423302f18f1428570cea4400483"
  integrity sha512-NCBtRuL6yOtUU6nDKSnFJ/42XgO9AGDClFdIGt7K6DreyF/8IuDrmyuEU9ZINoNdEQuwQGwUyuXe9UTq3ubGeg==

prettier@^2.1.1:
  version "2.1.1"
  resolved "https://registry.yarnpkg.com/prettier/-/prettier-2.1.1.tgz#d9485dd5e499daa6cb547023b87a6cf51bee37d6"
  integrity sha512-9bY+5ZWCfqj3ghYBLxApy2zf6m+NJo5GzmLTpr9FsApsfjriNnS2dahWReHMi7qNPhhHl9SYHJs2cHZLgexNIw==
